
Microsoft Visual Studio Solution File, Format Version 12.00
# Visual Studio Version 17
VisualStudioVersion = 17.8.34322.80
MinimumVisualStudioVersion = 10.0.40219.1
Project("{FAE04EC0-301F-11D3-BF4B-00C04F79EFBC}") = "WebApiControlDatosAviones", "WebApiControlDatosAviones\WebApiControlDatosAviones.csproj", "{82F69CB5-3894-4344-ACDF-08409072C666}"
EndProject
Global
	GlobalSection(SolutionConfigurationPlatforms) = preSolution
		Debug|Any CPU = Debug|Any CPU
		Release|Any CPU = Release|Any CPU
	EndGlobalSection
	GlobalSection(ProjectConfigurationPlatforms) = postSolution
		{82F69CB5-3894-4344-ACDF-08409072C666}.Debug|Any CPU.ActiveCfg = Debug|Any CPU
		{82F69CB5-3894-4344-ACDF-08409072C666}.Debug|Any CPU.Build.0 = Debug|Any CPU
		{82F69CB5-3894-4344-ACDF-08409072C666}.Release|Any CPU.ActiveCfg = Release|Any CPU
		{82F69CB5-3894-4344-ACDF-08409072C666}.Release|Any CPU.Build.0 = Release|Any CPU
	EndGlobalSection
	GlobalSection(SolutionProperties) = preSolution
		HideSolutionNode = FALSE
	EndGlobalSection
	GlobalSection(ExtensibilityGlobals) = postSolution
		SolutionGuid = {AFAB60B1-5540-467E-8816-BBC7A4408AB4}
	EndGlobalSection
EndGlobal
